---
label: post with black heading block
hide_body: false
fields:
- type: text
  name: title
  label: title
- type: datetime
  name: date
  label: date
- type: list
  name: categories
  label: categories
- type: list
  name: tags
  label: tags
- type: text
  name: layout
  label: layout
- type: textarea
  name: excerpt
  label: excerpt
- type: field_group
  name: header
  label: header
  fields:
  - type: text
    name: overlay_color
    label: overlay_color
  - type: file
    name: teaser
    label: teaser
  - name: upload_image
    type: file
    config:
      maxSize: 64
    label: upload image
- type: datetime
  name: last_modified_at
  label: last_modified_at
pages:
- _posts/2022-05-21-run-bash-script-with-args-through-ssh-remote-env.md
